<?xml version="1.0" encoding="utf-8"?>
<Project ToolsVersion="4.0" xmlns="http://schemas.microsoft.com/developer/msbuild/2003">
  <ItemGroup>
    <Filter Include="src">
      <UniqueIdentifier>{66e6077b-e37e-4bac-b360-70d4ba89c8f6}</UniqueIdentifier>
    </Filter>
  </ItemGroup>
  <ItemGroup>
    <ClInclude Include="stdafx.h">
      <Filter>src</Filter>
    </ClInclude>
    <ClInclude Include="targetver.h">
      <Filter>src</Filter>
    </ClInclude>
    <ClInclude Include="Property.h">
      <Filter>src</Filter>
    </ClInclude>
    <ClInclude Include="TestClass.h">
      <Filter>src</Filter>
    </ClInclude>
  </ItemGroup>
  <ItemGroup>
    <ClCompile Include="CppProperties.cpp">
      <Filter>src</Filter>
    </ClCompile>
    <ClCompile Include="stdafx.cpp">
      <Filter>src</Filter>
    </ClCompile>
    <ClCompile Include="TestClass.cpp" />
  </ItemGroup>
</Project>